
Microsoft Visual Studio Solution File, Format Version 12.00
# Visual Studio Version 16
VisualStudioVersion = 16.0.30523.141
MinimumVisualStudioVersion = 10.0.40219.1
Project("{2150E333-8FDC-42A3-9474-1A3956D46DE8}") = "Services", "Services", "{5F0990F8-983C-4A26-A9F5-AA420DEA39B1}"
EndProject
Project("{2150E333-8FDC-42A3-9474-1A3956D46DE8}") = "ServiceAOnionArhc", "ServiceAOnionArhc", "{E3A18DF1-4755-4326-918C-67922E88D5B5}"
EndProject
Project("{9A19103F-16F7-4668-BE54-9A1E7A4F7556}") = "ServiceA", "ServiceA\ServiceA\ServiceA.csproj", "{7625CF0C-54EF-4B20-93AA-AE6925609E75}"
EndProject
Project("{9A19103F-16F7-4668-BE54-9A1E7A4F7556}") = "ServiceA.Domain", "ServiceA\ServiceA.Domain\ServiceA.Domain.csproj", "{3E75BF3A-9091-45A2-B567-2B062BC278F3}"
EndProject
Project("{9A19103F-16F7-4668-BE54-9A1E7A4F7556}") = "ServiceA.Infrastructure", "ServiceA\ServiceA.Infrastructure\ServiceA.Infrastructure.csproj", "{0A21725A-54D2-4DA2-BDAB-21A65DDFD0B1}"
EndProject
Project("{9A19103F-16F7-4668-BE54-9A1E7A4F7556}") = "ServiceA.Persistence", "ServiceA\ServiceA.Persistence\ServiceA.Persistence.csproj", "{A00B4141-71BA-420C-97EA-44332D54452A}"
EndProject
Project("{9A19103F-16F7-4668-BE54-9A1E7A4F7556}") = "ServiceA.Service", "ServiceA\ServiceA.Service\ServiceA.Service.csproj", "{EE5340B9-1F97-4381-AE73-BC3CB33CF9CD}"
EndProject
Project("{9A19103F-16F7-4668-BE54-9A1E7A4F7556}") = "ServiceA.Test.Integration", "ServiceA\ServiceA.Test.Integration\ServiceA.Test.Integration.csproj", "{14CB133E-8D3A-4B4F-A790-9529D6F8BB5B}"
EndProject
Project("{9A19103F-16F7-4668-BE54-9A1E7A4F7556}") = "ServiceA.Test.Unit", "ServiceA\ServiceA.Test.Unit\ServiceA.Test.Unit.csproj", "{164D4588-27FA-45D9-B404-FDEB9A0525EE}"
EndProject
Project("{2150E333-8FDC-42A3-9474-1A3956D46DE8}") = "ServiceBCleanArhc", "ServiceBCleanArhc", "{C18F2DF9-76BB-4EEF-A77B-79A3D17B0066}"
EndProject
Project("{2150E333-8FDC-42A3-9474-1A3956D46DE8}") = "Source", "Source", "{1830B059-8831-463D-B1BF-F6443C342E0C}"
EndProject
Project("{2150E333-8FDC-42A3-9474-1A3956D46DE8}") = "WebApi", "WebApi", "{224AECB6-C943-47E2-B68F-D9CBF453880F}"
EndProject
Project("{FAE04EC0-301F-11D3-BF4B-00C04F79EFBC}") = "ServiceB.WebApi", "ServiceB\ServiceB.WebApi\ServiceB.WebApi.csproj", "{B681DB07-9F17-4FCF-97D3-99F6E847DF76}"
EndProject
Project("{2150E333-8FDC-42A3-9474-1A3956D46DE8}") = "Core", "Core", "{AEBE93E3-43D8-4536-A465-4374D6F0519A}"
EndProject
Project("{FAE04EC0-301F-11D3-BF4B-00C04F79EFBC}") = "ServiceB.Application", "ServiceB\ServiceB.Application\ServiceB.Application.csproj", "{36F94234-2A2D-468D-9FE8-AD9BD85D0086}"
EndProject
Project("{FAE04EC0-301F-11D3-BF4B-00C04F79EFBC}") = "ServiceB.Domain", "ServiceB\ServiceB.Domain\ServiceB.Domain.csproj", "{752610B0-1D6E-4430-A564-5880B7E078D6}"
EndProject
Project("{2150E333-8FDC-42A3-9474-1A3956D46DE8}") = "Infrastructure", "Infrastructure", "{01C098EA-3874-4E74-A99B-5C16C0F95538}"
EndProject
Project("{FAE04EC0-301F-11D3-BF4B-00C04F79EFBC}") = "ServiceB.Infrastructure.Identity", "ServiceB\ServiceB.Infrastructure.Identity\ServiceB.Infrastructure.Identity.csproj", "{0DA08F37-DDE5-48C9-96EB-DDA40E7F5FC2}"
EndProject
Project("{FAE04EC0-301F-11D3-BF4B-00C04F79EFBC}") = "ServiceB.Infrastructure.Persistence", "ServiceB\ServiceB.Infrastructure.Persistence\ServiceB.Infrastructure.Persistence.csproj", "{8A8C195D-FDD1-4E82-A524-26448C6FEC40}"
EndProject
Project("{FAE04EC0-301F-11D3-BF4B-00C04F79EFBC}") = "ServiceB.Infrastructure.Shared", "ServiceB\ServiceB.Infrastructure.Shared\ServiceB.Infrastructure.Shared.csproj", "{B579F354-A4AF-457C-AF8C-33924B8AB925}"
EndProject
Global
	GlobalSection(SolutionConfigurationPlatforms) = preSolution
		Debug|Any CPU = Debug|Any CPU
		Release|Any CPU = Release|Any CPU
	EndGlobalSection
	GlobalSection(ProjectConfigurationPlatforms) = postSolution
		{7625CF0C-54EF-4B20-93AA-AE6925609E75}.Debug|Any CPU.ActiveCfg = Debug|Any CPU
		{7625CF0C-54EF-4B20-93AA-AE6925609E75}.Debug|Any CPU.Build.0 = Debug|Any CPU
		{7625CF0C-54EF-4B20-93AA-AE6925609E75}.Release|Any CPU.ActiveCfg = Release|Any CPU
		{7625CF0C-54EF-4B20-93AA-AE6925609E75}.Release|Any CPU.Build.0 = Release|Any CPU
		{3E75BF3A-9091-45A2-B567-2B062BC278F3}.Debug|Any CPU.ActiveCfg = Debug|Any CPU
		{3E75BF3A-9091-45A2-B567-2B062BC278F3}.Debug|Any CPU.Build.0 = Debug|Any CPU
		{3E75BF3A-9091-45A2-B567-2B062BC278F3}.Release|Any CPU.ActiveCfg = Release|Any CPU
		{3E75BF3A-9091-45A2-B567-2B062BC278F3}.Release|Any CPU.Build.0 = Release|Any CPU
		{0A21725A-54D2-4DA2-BDAB-21A65DDFD0B1}.Debug|Any CPU.ActiveCfg = Debug|Any CPU
		{0A21725A-54D2-4DA2-BDAB-21A65DDFD0B1}.Debug|Any CPU.Build.0 = Debug|Any CPU
		{0A21725A-54D2-4DA2-BDAB-21A65DDFD0B1}.Release|Any CPU.ActiveCfg = Release|Any CPU
		{0A21725A-54D2-4DA2-BDAB-21A65DDFD0B1}.Release|Any CPU.Build.0 = Release|Any CPU
		{A00B4141-71BA-420C-97EA-44332D54452A}.Debug|Any CPU.ActiveCfg = Debug|Any CPU
		{A00B4141-71BA-420C-97EA-44332D54452A}.Debug|Any CPU.Build.0 = Debug|Any CPU
		{A00B4141-71BA-420C-97EA-44332D54452A}.Release|Any CPU.ActiveCfg = Release|Any CPU
		{A00B4141-71BA-420C-97EA-44332D54452A}.Release|Any CPU.Build.0 = Release|Any CPU
		{EE5340B9-1F97-4381-AE73-BC3CB33CF9CD}.Debug|Any CPU.ActiveCfg = Debug|Any CPU
		{EE5340B9-1F97-4381-AE73-BC3CB33CF9CD}.Debug|Any CPU.Build.0 = Debug|Any CPU
		{EE5340B9-1F97-4381-AE73-BC3CB33CF9CD}.Release|Any CPU.ActiveCfg = Release|Any CPU
		{EE5340B9-1F97-4381-AE73-BC3CB33CF9CD}.Release|Any CPU.Build.0 = Release|Any CPU
		{14CB133E-8D3A-4B4F-A790-9529D6F8BB5B}.Debug|Any CPU.ActiveCfg = Debug|Any CPU
		{14CB133E-8D3A-4B4F-A790-9529D6F8BB5B}.Debug|Any CPU.Build.0 = Debug|Any CPU
		{14CB133E-8D3A-4B4F-A790-9529D6F8BB5B}.Release|Any CPU.ActiveCfg = Release|Any CPU
		{14CB133E-8D3A-4B4F-A790-9529D6F8BB5B}.Release|Any CPU.Build.0 = Release|Any CPU
		{164D4588-27FA-45D9-B404-FDEB9A0525EE}.Debug|Any CPU.ActiveCfg = Debug|Any CPU
		{164D4588-27FA-45D9-B404-FDEB9A0525EE}.Debug|Any CPU.Build.0 = Debug|Any CPU
		{164D4588-27FA-45D9-B404-FDEB9A0525EE}.Release|Any CPU.ActiveCfg = Release|Any CPU
		{164D4588-27FA-45D9-B404-FDEB9A0525EE}.Release|Any CPU.Build.0 = Release|Any CPU
		{B681DB07-9F17-4FCF-97D3-99F6E847DF76}.Debug|Any CPU.ActiveCfg = Debug|Any CPU
		{B681DB07-9F17-4FCF-97D3-99F6E847DF76}.Debug|Any CPU.Build.0 = Debug|Any CPU
		{B681DB07-9F17-4FCF-97D3-99F6E847DF76}.Release|Any CPU.ActiveCfg = Release|Any CPU
		{B681DB07-9F17-4FCF-97D3-99F6E847DF76}.Release|Any CPU.Build.0 = Release|Any CPU
		{36F94234-2A2D-468D-9FE8-AD9BD85D0086}.Debug|Any CPU.ActiveCfg = Debug|Any CPU
		{36F94234-2A2D-468D-9FE8-AD9BD85D0086}.Debug|Any CPU.Build.0 = Debug|Any CPU
		{36F94234-2A2D-468D-9FE8-AD9BD85D0086}.Release|Any CPU.ActiveCfg = Release|Any CPU
		{36F94234-2A2D-468D-9FE8-AD9BD85D0086}.Release|Any CPU.Build.0 = Release|Any CPU
		{752610B0-1D6E-4430-A564-5880B7E078D6}.Debug|Any CPU.ActiveCfg = Debug|Any CPU
		{752610B0-1D6E-4430-A564-5880B7E078D6}.Debug|Any CPU.Build.0 = Debug|Any CPU
		{752610B0-1D6E-4430-A564-5880B7E078D6}.Release|Any CPU.ActiveCfg = Release|Any CPU
		{752610B0-1D6E-4430-A564-5880B7E078D6}.Release|Any CPU.Build.0 = Release|Any CPU
		{0DA08F37-DDE5-48C9-96EB-DDA40E7F5FC2}.Debug|Any CPU.ActiveCfg = Debug|Any CPU
		{0DA08F37-DDE5-48C9-96EB-DDA40E7F5FC2}.Debug|Any CPU.Build.0 = Debug|Any CPU
		{0DA08F37-DDE5-48C9-96EB-DDA40E7F5FC2}.Release|Any CPU.ActiveCfg = Release|Any CPU
		{0DA08F37-DDE5-48C9-96EB-DDA40E7F5FC2}.Release|Any CPU.Build.0 = Release|Any CPU
		{8A8C195D-FDD1-4E82-A524-26448C6FEC40}.Debug|Any CPU.ActiveCfg = Debug|Any CPU
		{8A8C195D-FDD1-4E82-A524-26448C6FEC40}.Debug|Any CPU.Build.0 = Debug|Any CPU
		{8A8C195D-FDD1-4E82-A524-26448C6FEC40}.Release|Any CPU.ActiveCfg = Release|Any CPU
		{8A8C195D-FDD1-4E82-A524-26448C6FEC40}.Release|Any CPU.Build.0 = Release|Any CPU
		{B579F354-A4AF-457C-AF8C-33924B8AB925}.Debug|Any CPU.ActiveCfg = Debug|Any CPU
		{B579F354-A4AF-457C-AF8C-33924B8AB925}.Debug|Any CPU.Build.0 = Debug|Any CPU
		{B579F354-A4AF-457C-AF8C-33924B8AB925}.Release|Any CPU.ActiveCfg = Release|Any CPU
		{B579F354-A4AF-457C-AF8C-33924B8AB925}.Release|Any CPU.Build.0 = Release|Any CPU
	EndGlobalSection
	GlobalSection(SolutionProperties) = preSolution
		HideSolutionNode = FALSE
	EndGlobalSection
	GlobalSection(NestedProjects) = preSolution
		{E3A18DF1-4755-4326-918C-67922E88D5B5} = {5F0990F8-983C-4A26-A9F5-AA420DEA39B1}
		{7625CF0C-54EF-4B20-93AA-AE6925609E75} = {E3A18DF1-4755-4326-918C-67922E88D5B5}
		{3E75BF3A-9091-45A2-B567-2B062BC278F3} = {E3A18DF1-4755-4326-918C-67922E88D5B5}
		{0A21725A-54D2-4DA2-BDAB-21A65DDFD0B1} = {E3A18DF1-4755-4326-918C-67922E88D5B5}
		{A00B4141-71BA-420C-97EA-44332D54452A} = {E3A18DF1-4755-4326-918C-67922E88D5B5}
		{EE5340B9-1F97-4381-AE73-BC3CB33CF9CD} = {E3A18DF1-4755-4326-918C-67922E88D5B5}
		{14CB133E-8D3A-4B4F-A790-9529D6F8BB5B} = {E3A18DF1-4755-4326-918C-67922E88D5B5}
		{164D4588-27FA-45D9-B404-FDEB9A0525EE} = {E3A18DF1-4755-4326-918C-67922E88D5B5}
		{C18F2DF9-76BB-4EEF-A77B-79A3D17B0066} = {5F0990F8-983C-4A26-A9F5-AA420DEA39B1}
		{1830B059-8831-463D-B1BF-F6443C342E0C} = {C18F2DF9-76BB-4EEF-A77B-79A3D17B0066}
		{224AECB6-C943-47E2-B68F-D9CBF453880F} = {1830B059-8831-463D-B1BF-F6443C342E0C}
		{B681DB07-9F17-4FCF-97D3-99F6E847DF76} = {224AECB6-C943-47E2-B68F-D9CBF453880F}
		{AEBE93E3-43D8-4536-A465-4374D6F0519A} = {1830B059-8831-463D-B1BF-F6443C342E0C}
		{36F94234-2A2D-468D-9FE8-AD9BD85D0086} = {AEBE93E3-43D8-4536-A465-4374D6F0519A}
		{752610B0-1D6E-4430-A564-5880B7E078D6} = {AEBE93E3-43D8-4536-A465-4374D6F0519A}
		{01C098EA-3874-4E74-A99B-5C16C0F95538} = {1830B059-8831-463D-B1BF-F6443C342E0C}
		{0DA08F37-DDE5-48C9-96EB-DDA40E7F5FC2} = {01C098EA-3874-4E74-A99B-5C16C0F95538}
		{8A8C195D-FDD1-4E82-A524-26448C6FEC40} = {01C098EA-3874-4E74-A99B-5C16C0F95538}
		{B579F354-A4AF-457C-AF8C-33924B8AB925} = {01C098EA-3874-4E74-A99B-5C16C0F95538}
	EndGlobalSection
	GlobalSection(ExtensibilityGlobals) = postSolution
		SolutionGuid = {494BDFC6-82A6-4FB0-856A-AE8CA01E0FD0}
	EndGlobalSection
EndGlobal
